// !$*UTF8*$!
{
	archiveVersion = 1;
	classes = {
	};
	objectVersion = 50;
	objects = {

/* Begin PBXBuildFile section */
		35102D802A6C8B7900687057 /* HuiYanSDK.framework in Frameworks */ = {isa = PBXBuildFile; fileRef = 35102D682A6C8B7900687057 /* HuiYanSDK.framework */; };
		35102D812A6C8B7900687057 /* YtSDKKitSilentLiveness.framework in Frameworks */ = {isa = PBXBuildFile; fileRef = 35102D692A6C8B7900687057 /* YtSDKKitSilentLiveness.framework */; };
		35102D822A6C8B7900687057 /* YtSDKKitFrameworkTool.framework in Frameworks */ = {isa = PBXBuildFile; fileRef = 35102D6A2A6C8B7900687057 /* YtSDKKitFrameworkTool.framework */; };
		35102D832A6C8B7900687057 /* face-tracker-v003.bundle in Resources */ = {isa = PBXBuildFile; fileRef = 35102D6B2A6C8B7900687057 /* face-tracker-v003.bundle */; };
		35102D842A6C8B7900687057 /* libTencentSM.a in Frameworks */ = {isa = PBXBuildFile; fileRef = 35102D6C2A6C8B7900687057 /* libTencentSM.a */; };
		35102D852A6C8B7900687057 /* libtasn1.a in Frameworks */ = {isa = PBXBuildFile; fileRef = 35102D6D2A6C8B7900687057 /* libtasn1.a */; };
		35102D862A6C8B7900687057 /* tnnliveness.framework in Frameworks */ = {isa = PBXBuildFile; fileRef = 35102D6E2A6C8B7900687057 /* tnnliveness.framework */; };
		35102D872A6C8B7900687057 /* YTFaceAlignmentTinyLiveness.framework in Frameworks */ = {isa = PBXBuildFile; fileRef = 35102D6F2A6C8B7900687057 /* YTFaceAlignmentTinyLiveness.framework */; };
		35102D882A6C8B7900687057 /* libgmp.a in Frameworks */ = {isa = PBXBuildFile; fileRef = 35102D702A6C8B7900687057 /* libgmp.a */; };
		35102D892A6C8B7900687057 /* YtSDKKitReflectLiveness.framework in Frameworks */ = {isa = PBXBuildFile; fileRef = 35102D712A6C8B7900687057 /* YtSDKKitReflectLiveness.framework */; };
		35102D8A2A6C8B7900687057 /* YTFaceTrackerLiveness.framework in Frameworks */ = {isa = PBXBuildFile; fileRef = 35102D722A6C8B7900687057 /* YTFaceTrackerLiveness.framework */; };
		35102D8C2A6C8B7900687057 /* YTFaceDetectorLiveness.framework in Frameworks */ = {isa = PBXBuildFile; fileRef = 35102D742A6C8B7900687057 /* YTFaceDetectorLiveness.framework */; };
		35102D8D2A6C8B7900687057 /* YTPoseDetector.framework in Frameworks */ = {isa = PBXBuildFile; fileRef = 35102D752A6C8B7900687057 /* YTPoseDetector.framework */; };
		35102D8E2A6C8B7900687057 /* YtSDKKitActionLiveness.framework in Frameworks */ = {isa = PBXBuildFile; fileRef = 35102D762A6C8B7900687057 /* YtSDKKitActionLiveness.framework */; };
		35102D8F2A6C8B7900687057 /* HuiYanSDKUI.bundle in Resources */ = {isa = PBXBuildFile; fileRef = 35102D772A6C8B7900687057 /* HuiYanSDKUI.bundle */; };
		35102D902A6C8B7900687057 /* HYSDK.framework in Frameworks */ = {isa = PBXBuildFile; fileRef = 35102D782A6C8B7900687057 /* HYSDK.framework */; };
		35102D912A6C8B7900687057 /* YTCommonLiveness.framework in Frameworks */ = {isa = PBXBuildFile; fileRef = 35102D792A6C8B7900687057 /* YTCommonLiveness.framework */; };
		35102D922A6C8B7900687057 /* YTCv.framework in Frameworks */ = {isa = PBXBuildFile; fileRef = 35102D7A2A6C8B7900687057 /* YTCv.framework */; };
		35102D932A6C8B7900687057 /* YtSDKKitFramework.framework in Frameworks */ = {isa = PBXBuildFile; fileRef = 35102D7B2A6C8B7900687057 /* YtSDKKitFramework.framework */; };
		35102D942A6C8B7900687057 /* YTFaceLiveReflect.framework in Frameworks */ = {isa = PBXBuildFile; fileRef = 35102D7C2A6C8B7900687057 /* YTFaceLiveReflect.framework */; };
		35102D952A6C8B7900687057 /* libRiskFeatures.a in Frameworks */ = {isa = PBXBuildFile; fileRef = 35102D7D2A6C8B7900687057 /* libRiskFeatures.a */; };
		35102D962A6C8B7900687057 /* YtTencentSM.framework in Frameworks */ = {isa = PBXBuildFile; fileRef = 35102D7E2A6C8B7900687057 /* YtTencentSM.framework */; };
		35102D972A6C8B7900687057 /* YTSm.framework in Frameworks */ = {isa = PBXBuildFile; fileRef = 35102D7F2A6C8B7900687057 /* YTSm.framework */; };
		35102D992A6C8CF700687057 /* HYResource.bundle in Resources */ = {isa = PBXBuildFile; fileRef = 35102D982A6C8CF600687057 /* HYResource.bundle */; };
		35102DA32A6C95C300687057 /* UserUIBundle.bundle in Resources */ = {isa = PBXBuildFile; fileRef = 35102DA22A6C95C300687057 /* UserUIBundle.bundle */; };
		357A30702A3863C700C5036E /* HomeViewController.mm in Sources */ = {isa = PBXBuildFile; fileRef = 357A306E2A3863C700C5036E /* HomeViewController.mm */; };
		357A30712A3863C700C5036E /* HomeViewController.xib in Resources */ = {isa = PBXBuildFile; fileRef = 357A306F2A3863C700C5036E /* HomeViewController.xib */; };
		357A30742A3876CC00C5036E /* ParamSettingViewController.m in Sources */ = {isa = PBXBuildFile; fileRef = 357A30732A3876CC00C5036E /* ParamSettingViewController.m */; };
		357A307D2A39A68500C5036E /* SettingSelectedCell.m in Sources */ = {isa = PBXBuildFile; fileRef = 357A307B2A39A68500C5036E /* SettingSelectedCell.m */; };
		357A309C2A39AF3500C5036E /* LICENSE in Resources */ = {isa = PBXBuildFile; fileRef = 357A30802A39AF3400C5036E /* LICENSE */; };
		357A309D2A39AF3500C5036E /* NSLayoutConstraint+MASDebugAdditions.m in Sources */ = {isa = PBXBuildFile; fileRef = 357A30832A39AF3400C5036E /* NSLayoutConstraint+MASDebugAdditions.m */; };
		357A309E2A39AF3500C5036E /* ViewController+MASAdditions.m in Sources */ = {isa = PBXBuildFile; fileRef = 357A308C2A39AF3400C5036E /* ViewController+MASAdditions.m */; };
		357A309F2A39AF3500C5036E /* MASCompositeConstraint.m in Sources */ = {isa = PBXBuildFile; fileRef = 357A30902A39AF3400C5036E /* MASCompositeConstraint.m */; };
		357A30A02A39AF3500C5036E /* MASConstraintMaker.m in Sources */ = {isa = PBXBuildFile; fileRef = 357A30912A39AF3400C5036E /* MASConstraintMaker.m */; };
		357A30A12A39AF3500C5036E /* MASLayoutConstraint.m in Sources */ = {isa = PBXBuildFile; fileRef = 357A30922A39AF3400C5036E /* MASLayoutConstraint.m */; };
		357A30A22A39AF3500C5036E /* NSArray+MASAdditions.m in Sources */ = {isa = PBXBuildFile; fileRef = 357A30932A39AF3400C5036E /* NSArray+MASAdditions.m */; };
		357A30A32A39AF3500C5036E /* View+MASAdditions.m in Sources */ = {isa = PBXBuildFile; fileRef = 357A30942A39AF3400C5036E /* View+MASAdditions.m */; };
		357A30A42A39AF3500C5036E /* MASConstraint.m in Sources */ = {isa = PBXBuildFile; fileRef = 357A30972A39AF3400C5036E /* MASConstraint.m */; };
		357A30A52A39AF3500C5036E /* MASViewConstraint.m in Sources */ = {isa = PBXBuildFile; fileRef = 357A30992A39AF3400C5036E /* MASViewConstraint.m */; };
		357A30A62A39AF3500C5036E /* MASViewAttribute.m in Sources */ = {isa = PBXBuildFile; fileRef = 357A309A2A39AF3400C5036E /* MASViewAttribute.m */; };
		357A30A72A39AF3500C5036E /* README.md in Resources */ = {isa = PBXBuildFile; fileRef = 357A309B2A39AF3400C5036E /* README.md */; };
		357A30AA2A39C33300C5036E /* SettingHeaderView.m in Sources */ = {isa = PBXBuildFile; fileRef = 357A30A92A39C33200C5036E /* SettingHeaderView.m */; };
		357A30AD2A3A134B00C5036E /* AlgorithmHeaderView.m in Sources */ = {isa = PBXBuildFile; fileRef = 357A30AC2A3A134A00C5036E /* AlgorithmHeaderView.m */; };
		357A30B02A40472400C5036E /* HYConfigManager.m in Sources */ = {isa = PBXBuildFile; fileRef = 357A30AF2A40472400C5036E /* HYConfigManager.m */; };
		35BDC1712A43283C0048BBB8 /* HYResultVC.m in Sources */ = {isa = PBXBuildFile; fileRef = 35BDC1702A43283C0048BBB8 /* HYResultVC.m */; };
		35ED52902A3722150094D41F /* sdcs_test_androids.lic in Resources */ = {isa = PBXBuildFile; fileRef = 35ED528E2A3722140094D41F /* sdcs_test_androids.lic */; };
		35ED52912A3722150094D41F /* licsence.lic in Resources */ = {isa = PBXBuildFile; fileRef = 35ED528F2A3722140094D41F /* licsence.lic */; };
		C20C37E228C201E4001C33FD /* CoreML.framework in Frameworks */ = {isa = PBXBuildFile; fileRef = C25D4BE62589FF0800DC85C2 /* CoreML.framework */; };
		C2B7082C2510C12800CE07D3 /* AppDelegate.m in Sources */ = {isa = PBXBuildFile; fileRef = C2B7082B2510C12800CE07D3 /* AppDelegate.m */; };
		C2B708352510C12800CE07D3 /* Main.storyboard in Resources */ = {isa = PBXBuildFile; fileRef = C2B708332510C12800CE07D3 /* Main.storyboard */; };
		C2B708372510C12A00CE07D3 /* Assets.xcassets in Resources */ = {isa = PBXBuildFile; fileRef = C2B708362510C12A00CE07D3 /* Assets.xcassets */; };
		C2B7083A2510C12A00CE07D3 /* LaunchScreen.storyboard in Resources */ = {isa = PBXBuildFile; fileRef = C2B708382510C12A00CE07D3 /* LaunchScreen.storyboard */; };
		C2B7083D2510C12A00CE07D3 /* main.m in Sources */ = {isa = PBXBuildFile; fileRef = C2B7083C2510C12A00CE07D3 /* main.m */; };
		C2B708772511BCE200CE07D3 /* Accelerate.framework in Frameworks */ = {isa = PBXBuildFile; fileRef = C2B7086F2511AD5600CE07D3 /* Accelerate.framework */; };
		C2F336F726242EAF0048E2B5 /* AVFoundation.framework in Frameworks */ = {isa = PBXBuildFile; fileRef = C2F336F626242EAF0048E2B5 /* AVFoundation.framework */; };
/* End PBXBuildFile section */

/* Begin PBXFileReference section */
		35102D682A6C8B7900687057 /* HuiYanSDK.framework */ = {isa = PBXFileReference; lastKnownFileType = wrapper.framework; path = HuiYanSDK.framework; sourceTree = "<group>"; };
		35102D692A6C8B7900687057 /* YtSDKKitSilentLiveness.framework */ = {isa = PBXFileReference; lastKnownFileType = wrapper.framework; path = YtSDKKitSilentLiveness.framework; sourceTree = "<group>"; };
		35102D6A2A6C8B7900687057 /* YtSDKKitFrameworkTool.framework */ = {isa = PBXFileReference; lastKnownFileType = wrapper.framework; path = YtSDKKitFrameworkTool.framework; sourceTree = "<group>"; };
		35102D6B2A6C8B7900687057 /* face-tracker-v003.bundle */ = {isa = PBXFileReference; lastKnownFileType = "wrapper.plug-in"; path = "face-tracker-v003.bundle"; sourceTree = "<group>"; };
		35102D6C2A6C8B7900687057 /* libTencentSM.a */ = {isa = PBXFileReference; lastKnownFileType = archive.ar; path = libTencentSM.a; sourceTree = "<group>"; };
		35102D6D2A6C8B7900687057 /* libtasn1.a */ = {isa = PBXFileReference; lastKnownFileType = archive.ar; path = libtasn1.a; sourceTree = "<group>"; };
		35102D6E2A6C8B7900687057 /* tnnliveness.framework */ = {isa = PBXFileReference; lastKnownFileType = wrapper.framework; path = tnnliveness.framework; sourceTree = "<group>"; };
		35102D6F2A6C8B7900687057 /* YTFaceAlignmentTinyLiveness.framework */ = {isa = PBXFileReference; lastKnownFileType = wrapper.framework; path = YTFaceAlignmentTinyLiveness.framework; sourceTree = "<group>"; };
		35102D702A6C8B7900687057 /* libgmp.a */ = {isa = PBXFileReference; lastKnownFileType = archive.ar; path = libgmp.a; sourceTree = "<group>"; };
		35102D712A6C8B7900687057 /* YtSDKKitReflectLiveness.framework */ = {isa = PBXFileReference; lastKnownFileType = wrapper.framework; path = YtSDKKitReflectLiveness.framework; sourceTree = "<group>"; };
		35102D722A6C8B7900687057 /* YTFaceTrackerLiveness.framework */ = {isa = PBXFileReference; lastKnownFileType = wrapper.framework; path = YTFaceTrackerLiveness.framework; sourceTree = "<group>"; };
		35102D742A6C8B7900687057 /* YTFaceDetectorLiveness.framework */ = {isa = PBXFileReference; lastKnownFileType = wrapper.framework; path = YTFaceDetectorLiveness.framework; sourceTree = "<group>"; };
		35102D752A6C8B7900687057 /* YTPoseDetector.framework */ = {isa = PBXFileReference; lastKnownFileType = wrapper.framework; path = YTPoseDetector.framework; sourceTree = "<group>"; };
		35102D762A6C8B7900687057 /* YtSDKKitActionLiveness.framework */ = {isa = PBXFileReference; lastKnownFileType = wrapper.framework; path = YtSDKKitActionLiveness.framework; sourceTree = "<group>"; };
		35102D772A6C8B7900687057 /* HuiYanSDKUI.bundle */ = {isa = PBXFileReference; lastKnownFileType = "wrapper.plug-in"; path = HuiYanSDKUI.bundle; sourceTree = "<group>"; };
		35102D782A6C8B7900687057 /* HYSDK.framework */ = {isa = PBXFileReference; lastKnownFileType = wrapper.framework; path = HYSDK.framework; sourceTree = "<group>"; };
		35102D792A6C8B7900687057 /* YTCommonLiveness.framework */ = {isa = PBXFileReference; lastKnownFileType = wrapper.framework; path = YTCommonLiveness.framework; sourceTree = "<group>"; };
		35102D7A2A6C8B7900687057 /* YTCv.framework */ = {isa = PBXFileReference; lastKnownFileType = wrapper.framework; path = YTCv.framework; sourceTree = "<group>"; };
		35102D7B2A6C8B7900687057 /* YtSDKKitFramework.framework */ = {isa = PBXFileReference; lastKnownFileType = wrapper.framework; path = YtSDKKitFramework.framework; sourceTree = "<group>"; };
		35102D7C2A6C8B7900687057 /* YTFaceLiveReflect.framework */ = {isa = PBXFileReference; lastKnownFileType = wrapper.framework; path = YTFaceLiveReflect.framework; sourceTree = "<group>"; };
		35102D7D2A6C8B7900687057 /* libRiskFeatures.a */ = {isa = PBXFileReference; lastKnownFileType = archive.ar; path = libRiskFeatures.a; sourceTree = "<group>"; };
		35102D7E2A6C8B7900687057 /* YtTencentSM.framework */ = {isa = PBXFileReference; lastKnownFileType = wrapper.framework; path = YtTencentSM.framework; sourceTree = "<group>"; };
		35102D7F2A6C8B7900687057 /* YTSm.framework */ = {isa = PBXFileReference; lastKnownFileType = wrapper.framework; path = YTSm.framework; sourceTree = "<group>"; };
		35102D982A6C8CF600687057 /* HYResource.bundle */ = {isa = PBXFileReference; lastKnownFileType = "wrapper.plug-in"; path = HYResource.bundle; sourceTree = "<group>"; };
		35102DA22A6C95C300687057 /* UserUIBundle.bundle */ = {isa = PBXFileReference; lastKnownFileType = "wrapper.plug-in"; path = UserUIBundle.bundle; sourceTree = "<group>"; };
		357A306D2A3863C700C5036E /* HomeViewController.h */ = {isa = PBXFileReference; lastKnownFileType = sourcecode.c.h; path = HomeViewController.h; sourceTree = "<group>"; };
		357A306E2A3863C700C5036E /* HomeViewController.mm */ = {isa = PBXFileReference; lastKnownFileType = sourcecode.cpp.objcpp; path = HomeViewController.mm; sourceTree = "<group>"; };
		357A306F2A3863C700C5036E /* HomeViewController.xib */ = {isa = PBXFileReference; lastKnownFileType = file.xib; path = HomeViewController.xib; sourceTree = "<group>"; };
		357A30722A3876CC00C5036E /* ParamSettingViewController.h */ = {isa = PBXFileReference; lastKnownFileType = sourcecode.c.h; path = ParamSettingViewController.h; sourceTree = "<group>"; };
		357A30732A3876CC00C5036E /* ParamSettingViewController.m */ = {isa = PBXFileReference; lastKnownFileType = sourcecode.c.objc; path = ParamSettingViewController.m; sourceTree = "<group>"; };
		357A307A2A39A68500C5036E /* SettingSelectedCell.h */ = {isa = PBXFileReference; lastKnownFileType = sourcecode.c.h; path = SettingSelectedCell.h; sourceTree = "<group>"; };
		357A307B2A39A68500C5036E /* SettingSelectedCell.m */ = {isa = PBXFileReference; lastKnownFileType = sourcecode.c.objc; path = SettingSelectedCell.m; sourceTree = "<group>"; };
		357A30802A39AF3400C5036E /* LICENSE */ = {isa = PBXFileReference; fileEncoding = 4; lastKnownFileType = text; path = LICENSE; sourceTree = "<group>"; };
		357A30822A39AF3400C5036E /* MASCompositeConstraint.h */ = {isa = PBXFileReference; fileEncoding = 4; lastKnownFileType = sourcecode.c.h; path = MASCompositeConstraint.h; sourceTree = "<group>"; };
		357A30832A39AF3400C5036E /* NSLayoutConstraint+MASDebugAdditions.m */ = {isa = PBXFileReference; fileEncoding = 4; lastKnownFileType = sourcecode.c.objc; path = "NSLayoutConstraint+MASDebugAdditions.m"; sourceTree = "<group>"; };
		357A30842A39AF3400C5036E /* MASConstraint+Private.h */ = {isa = PBXFileReference; fileEncoding = 4; lastKnownFileType = sourcecode.c.h; path = "MASConstraint+Private.h"; sourceTree = "<group>"; };
		357A30852A39AF3400C5036E /* MASLayoutConstraint.h */ = {isa = PBXFileReference; fileEncoding = 4; lastKnownFileType = sourcecode.c.h; path = MASLayoutConstraint.h; sourceTree = "<group>"; };
		357A30862A39AF3400C5036E /* NSArray+MASShorthandAdditions.h */ = {isa = PBXFileReference; fileEncoding = 4; lastKnownFileType = sourcecode.c.h; path = "NSArray+MASShorthandAdditions.h"; sourceTree = "<group>"; };
		357A30872A39AF3400C5036E /* MASConstraintMaker.h */ = {isa = PBXFileReference; fileEncoding = 4; lastKnownFileType = sourcecode.c.h; path = MASConstraintMaker.h; sourceTree = "<group>"; };
		357A30882A39AF3400C5036E /* View+MASAdditions.h */ = {isa = PBXFileReference; fileEncoding = 4; lastKnownFileType = sourcecode.c.h; path = "View+MASAdditions.h"; sourceTree = "<group>"; };
		357A30892A39AF3400C5036E /* NSArray+MASAdditions.h */ = {isa = PBXFileReference; fileEncoding = 4; lastKnownFileType = sourcecode.c.h; path = "NSArray+MASAdditions.h"; sourceTree = "<group>"; };
		357A308A2A39AF3400C5036E /* MASUtilities.h */ = {isa = PBXFileReference; fileEncoding = 4; lastKnownFileType = sourcecode.c.h; path = MASUtilities.h; sourceTree = "<group>"; };
		357A308B2A39AF3400C5036E /* MASViewAttribute.h */ = {isa = PBXFileReference; fileEncoding = 4; lastKnownFileType = sourcecode.c.h; path = MASViewAttribute.h; sourceTree = "<group>"; };
		357A308C2A39AF3400C5036E /* ViewController+MASAdditions.m */ = {isa = PBXFileReference; fileEncoding = 4; lastKnownFileType = sourcecode.c.objc; path = "ViewController+MASAdditions.m"; sourceTree = "<group>"; };
		357A308D2A39AF3400C5036E /* MASViewConstraint.h */ = {isa = PBXFileReference; fileEncoding = 4; lastKnownFileType = sourcecode.c.h; path = MASViewConstraint.h; sourceTree = "<group>"; };
		357A308E2A39AF3400C5036E /* MASConstraint.h */ = {isa = PBXFileReference; fileEncoding = 4; lastKnownFileType = sourcecode.c.h; path = MASConstraint.h; sourceTree = "<group>"; };
		357A308F2A39AF3400C5036E /* NSLayoutConstraint+MASDebugAdditions.h */ = {isa = PBXFileReference; fileEncoding = 4; lastKnownFileType = sourcecode.c.h; path = "NSLayoutConstraint+MASDebugAdditions.h"; sourceTree = "<group>"; };
		357A30902A39AF3400C5036E /* MASCompositeConstraint.m */ = {isa = PBXFileReference; fileEncoding = 4; lastKnownFileType = sourcecode.c.objc; path = MASCompositeConstraint.m; sourceTree = "<group>"; };
		357A30912A39AF3400C5036E /* MASConstraintMaker.m */ = {isa = PBXFileReference; fileEncoding = 4; lastKnownFileType = sourcecode.c.objc; path = MASConstraintMaker.m; sourceTree = "<group>"; };
		357A30922A39AF3400C5036E /* MASLayoutConstraint.m */ = {isa = PBXFileReference; fileEncoding = 4; lastKnownFileType = sourcecode.c.objc; path = MASLayoutConstraint.m; sourceTree = "<group>"; };
		357A30932A39AF3400C5036E /* NSArray+MASAdditions.m */ = {isa = PBXFileReference; fileEncoding = 4; lastKnownFileType = sourcecode.c.objc; path = "NSArray+MASAdditions.m"; sourceTree = "<group>"; };
		357A30942A39AF3400C5036E /* View+MASAdditions.m */ = {isa = PBXFileReference; fileEncoding = 4; lastKnownFileType = sourcecode.c.objc; path = "View+MASAdditions.m"; sourceTree = "<group>"; };
		357A30952A39AF3400C5036E /* View+MASShorthandAdditions.h */ = {isa = PBXFileReference; fileEncoding = 4; lastKnownFileType = sourcecode.c.h; path = "View+MASShorthandAdditions.h"; sourceTree = "<group>"; };
		357A30962A39AF3400C5036E /* Masonry.h */ = {isa = PBXFileReference; fileEncoding = 4; lastKnownFileType = sourcecode.c.h; path = Masonry.h; sourceTree = "<group>"; };
		357A30972A39AF3400C5036E /* MASConstraint.m */ = {isa = PBXFileReference; fileEncoding = 4; lastKnownFileType = sourcecode.c.objc; path = MASConstraint.m; sourceTree = "<group>"; };
		357A30982A39AF3400C5036E /* ViewController+MASAdditions.h */ = {isa = PBXFileReference; fileEncoding = 4; lastKnownFileType = sourcecode.c.h; path = "ViewController+MASAdditions.h"; sourceTree = "<group>"; };
		357A30992A39AF3400C5036E /* MASViewConstraint.m */ = {isa = PBXFileReference; fileEncoding = 4; lastKnownFileType = sourcecode.c.objc; path = MASViewConstraint.m; sourceTree = "<group>"; };
		357A309A2A39AF3400C5036E /* MASViewAttribute.m */ = {isa = PBXFileReference; fileEncoding = 4; lastKnownFileType = sourcecode.c.objc; path = MASViewAttribute.m; sourceTree = "<group>"; };
		357A309B2A39AF3400C5036E /* README.md */ = {isa = PBXFileReference; fileEncoding = 4; lastKnownFileType = net.daringfireball.markdown; path = README.md; sourceTree = "<group>"; };
		357A30A82A39C33200C5036E /* SettingHeaderView.h */ = {isa = PBXFileReference; lastKnownFileType = sourcecode.c.h; path = SettingHeaderView.h; sourceTree = "<group>"; };
		357A30A92A39C33200C5036E /* SettingHeaderView.m */ = {isa = PBXFileReference; lastKnownFileType = sourcecode.c.objc; path = SettingHeaderView.m; sourceTree = "<group>"; };
		357A30AB2A3A134A00C5036E /* AlgorithmHeaderView.h */ = {isa = PBXFileReference; lastKnownFileType = sourcecode.c.h; path = AlgorithmHeaderView.h; sourceTree = "<group>"; };
		357A30AC2A3A134A00C5036E /* AlgorithmHeaderView.m */ = {isa = PBXFileReference; lastKnownFileType = sourcecode.c.objc; path = AlgorithmHeaderView.m; sourceTree = "<group>"; };
		357A30AE2A40472400C5036E /* HYConfigManager.h */ = {isa = PBXFileReference; lastKnownFileType = sourcecode.c.h; path = HYConfigManager.h; sourceTree = "<group>"; };
		357A30AF2A40472400C5036E /* HYConfigManager.m */ = {isa = PBXFileReference; lastKnownFileType = sourcecode.c.objc; path = HYConfigManager.m; sourceTree = "<group>"; };
		35BDC16F2A43283C0048BBB8 /* HYResultVC.h */ = {isa = PBXFileReference; lastKnownFileType = sourcecode.c.h; path = HYResultVC.h; sourceTree = "<group>"; };
		35BDC1702A43283C0048BBB8 /* HYResultVC.m */ = {isa = PBXFileReference; lastKnownFileType = sourcecode.c.objc; path = HYResultVC.m; sourceTree = "<group>"; };
		35ED528E2A3722140094D41F /* sdcs_test_androids.lic */ = {isa = PBXFileReference; fileEncoding = 4; lastKnownFileType = text; path = sdcs_test_androids.lic; sourceTree = "<group>"; };
		35ED528F2A3722140094D41F /* licsence.lic */ = {isa = PBXFileReference; fileEncoding = 4; lastKnownFileType = text; path = licsence.lic; sourceTree = "<group>"; };
		A7CF391527D05872007B35B8 /* LanguageSrcBundle.bundle */ = {isa = PBXFileReference; explicitFileType = wrapper.cfbundle; includeInIndex = 0; path = LanguageSrcBundle.bundle; sourceTree = BUILT_PRODUCTS_DIR; };
		C242A90D2799649C0030C1CA /* UserUIBundle.bundle */ = {isa = PBXFileReference; explicitFileType = wrapper.cfbundle; includeInIndex = 0; path = UserUIBundle.bundle; sourceTree = BUILT_PRODUCTS_DIR; };
		C25D4BE62589FF0800DC85C2 /* CoreML.framework */ = {isa = PBXFileReference; lastKnownFileType = wrapper.framework; name = CoreML.framework; path = System/Library/Frameworks/CoreML.framework; sourceTree = SDKROOT; };
		C2B708272510C12800CE07D3 /* HuiYanAuthDemo.app */ = {isa = PBXFileReference; explicitFileType = wrapper.application; includeInIndex = 0; path = HuiYanAuthDemo.app; sourceTree = BUILT_PRODUCTS_DIR; };
		C2B7082A2510C12800CE07D3 /* AppDelegate.h */ = {isa = PBXFileReference; lastKnownFileType = sourcecode.c.h; path = AppDelegate.h; sourceTree = "<group>"; };
		C2B7082B2510C12800CE07D3 /* AppDelegate.m */ = {isa = PBXFileReference; lastKnownFileType = sourcecode.c.objc; path = AppDelegate.m; sourceTree = "<group>"; };
		C2B708342510C12800CE07D3 /* Base */ = {isa = PBXFileReference; lastKnownFileType = file.storyboard; name = Base; path = Base.lproj/Main.storyboard; sourceTree = "<group>"; };
		C2B708362510C12A00CE07D3 /* Assets.xcassets */ = {isa = PBXFileReference; lastKnownFileType = folder.assetcatalog; path = Assets.xcassets; sourceTree = "<group>"; };
		C2B708392510C12A00CE07D3 /* Base */ = {isa = PBXFileReference; lastKnownFileType = file.storyboard; name = Base; path = Base.lproj/LaunchScreen.storyboard; sourceTree = "<group>"; };
		C2B7083B2510C12A00CE07D3 /* Info.plist */ = {isa = PBXFileReference; lastKnownFileType = text.plist.xml; path = Info.plist; sourceTree = "<group>"; };
		C2B7083C2510C12A00CE07D3 /* main.m */ = {isa = PBXFileReference; lastKnownFileType = sourcecode.c.objc; path = main.m; sourceTree = "<group>"; };
		C2B7086D2511AD4D00CE07D3 /* AssetsLibrary.framework */ = {isa = PBXFileReference; lastKnownFileType = wrapper.framework; name = AssetsLibrary.framework; path = System/Library/Frameworks/AssetsLibrary.framework; sourceTree = SDKROOT; };
		C2B7086F2511AD5600CE07D3 /* Accelerate.framework */ = {isa = PBXFileReference; lastKnownFileType = wrapper.framework; name = Accelerate.framework; path = System/Library/Frameworks/Accelerate.framework; sourceTree = SDKROOT; };
		C2CB37DF25B1850F00CA1B2E /* libTuringShieldCamRisk.a */ = {isa = PBXFileReference; lastKnownFileType = archive.ar; name = libTuringShieldCamRisk.a; path = HuiYanAuthDemo/frameworks/libTuringShieldCamRisk.a; sourceTree = "<group>"; };
		C2F336F626242EAF0048E2B5 /* AVFoundation.framework */ = {isa = PBXFileReference; lastKnownFileType = wrapper.framework; name = AVFoundation.framework; path = System/Library/Frameworks/AVFoundation.framework; sourceTree = SDKROOT; };
		C2FD01C1258CACE100BCFFAA /* SystemConfiguration.framework */ = {isa = PBXFileReference; lastKnownFileType = wrapper.framework; name = SystemConfiguration.framework; path = System/Library/Frameworks/SystemConfiguration.framework; sourceTree = SDKROOT; };
		C2FD01C3258CACE900BCFFAA /* Security.framework */ = {isa = PBXFileReference; lastKnownFileType = wrapper.framework; name = Security.framework; path = System/Library/Frameworks/Security.framework; sourceTree = SDKROOT; };
		C2FD01C5258CACF300BCFFAA /* libz.tbd */ = {isa = PBXFileReference; lastKnownFileType = "sourcecode.text-based-dylib-definition"; name = libz.tbd; path = usr/lib/libz.tbd; sourceTree = SDKROOT; };
		C2FD01C8258CAD0A00BCFFAA /* libc++.tbd */ = {isa = PBXFileReference; lastKnownFileType = "sourcecode.text-based-dylib-definition"; name = "libc++.tbd"; path = "usr/lib/libc++.tbd"; sourceTree = SDKROOT; };
/* End PBXFileReference section */

/* Begin PBXFrameworksBuildPhase section */
		A7CF391227D05872007B35B8 /* Frameworks */ = {
			isa = PBXFrameworksBuildPhase;
			buildActionMask = 2147483647;
			files = (
			);
			runOnlyForDeploymentPostprocessing = 0;
		};
		C242A90A2799649C0030C1CA /* Frameworks */ = {
			isa = PBXFrameworksBuildPhase;
			buildActionMask = 2147483647;
			files = (
			);
			runOnlyForDeploymentPostprocessing = 0;
		};
		C2B708242510C12800CE07D3 /* Frameworks */ = {
			isa = PBXFrameworksBuildPhase;
			buildActionMask = 2147483647;
			files = (
				C20C37E228C201E4001C33FD /* CoreML.framework in Frameworks */,
				35102D842A6C8B7900687057 /* libTencentSM.a in Frameworks */,
				35102D882A6C8B7900687057 /* libgmp.a in Frameworks */,
				35102D912A6C8B7900687057 /* YTCommonLiveness.framework in Frameworks */,
				35102D8A2A6C8B7900687057 /* YTFaceTrackerLiveness.framework in Frameworks */,
				35102D922A6C8B7900687057 /* YTCv.framework in Frameworks */,
				35102D8E2A6C8B7900687057 /* YtSDKKitActionLiveness.framework in Frameworks */,
				C2F336F726242EAF0048E2B5 /* AVFoundation.framework in Frameworks */,
				35102D932A6C8B7900687057 /* YtSDKKitFramework.framework in Frameworks */,
				35102D822A6C8B7900687057 /* YtSDKKitFrameworkTool.framework in Frameworks */,
				C2B708772511BCE200CE07D3 /* Accelerate.framework in Frameworks */,
				35102D892A6C8B7900687057 /* YtSDKKitReflectLiveness.framework in Frameworks */,
				35102D872A6C8B7900687057 /* YTFaceAlignmentTinyLiveness.framework in Frameworks */,
				35102D802A6C8B7900687057 /* HuiYanSDK.framework in Frameworks */,
				35102D902A6C8B7900687057 /* HYSDK.framework in Frameworks */,
				35102D972A6C8B7900687057 /* YTSm.framework in Frameworks */,
				35102D962A6C8B7900687057 /* YtTencentSM.framework in Frameworks */,
				35102D942A6C8B7900687057 /* YTFaceLiveReflect.framework in Frameworks */,
				35102D8D2A6C8B7900687057 /* YTPoseDetector.framework in Frameworks */,
				35102D812A6C8B7900687057 /* YtSDKKitSilentLiveness.framework in Frameworks */,
				35102D862A6C8B7900687057 /* tnnliveness.framework in Frameworks */,
				35102D952A6C8B7900687057 /* libRiskFeatures.a in Frameworks */,
				35102D8C2A6C8B7900687057 /* YTFaceDetectorLiveness.framework in Frameworks */,
				35102D852A6C8B7900687057 /* libtasn1.a in Frameworks */,
			);
			runOnlyForDeploymentPostprocessing = 0;
		};
/* End PBXFrameworksBuildPhase section */

/* Begin PBXGroup section */
		35102D672A6C8B7900687057 /* SDK */ = {
			isa = PBXGroup;
			children = (
				35102DA22A6C95C300687057 /* UserUIBundle.bundle */,
				35102D982A6C8CF600687057 /* HYResource.bundle */,
				35102D682A6C8B7900687057 /* HuiYanSDK.framework */,
				35102D692A6C8B7900687057 /* YtSDKKitSilentLiveness.framework */,
				35102D6A2A6C8B7900687057 /* YtSDKKitFrameworkTool.framework */,
				35102D6B2A6C8B7900687057 /* face-tracker-v003.bundle */,
				35102D6C2A6C8B7900687057 /* libTencentSM.a */,
				35102D6D2A6C8B7900687057 /* libtasn1.a */,
				35102D6E2A6C8B7900687057 /* tnnliveness.framework */,
				35102D6F2A6C8B7900687057 /* YTFaceAlignmentTinyLiveness.framework */,
				35102D702A6C8B7900687057 /* libgmp.a */,
				35102D712A6C8B7900687057 /* YtSDKKitReflectLiveness.framework */,
				35102D722A6C8B7900687057 /* YTFaceTrackerLiveness.framework */,
				35102D742A6C8B7900687057 /* YTFaceDetectorLiveness.framework */,
				35102D752A6C8B7900687057 /* YTPoseDetector.framework */,
				35102D762A6C8B7900687057 /* YtSDKKitActionLiveness.framework */,
				35102D772A6C8B7900687057 /* HuiYanSDKUI.bundle */,
				35102D782A6C8B7900687057 /* HYSDK.framework */,
				35102D792A6C8B7900687057 /* YTCommonLiveness.framework */,
				35102D7A2A6C8B7900687057 /* YTCv.framework */,
				35102D7B2A6C8B7900687057 /* YtSDKKitFramework.framework */,
				35102D7C2A6C8B7900687057 /* YTFaceLiveReflect.framework */,
				35102D7D2A6C8B7900687057 /* libRiskFeatures.a */,
				35102D7E2A6C8B7900687057 /* YtTencentSM.framework */,
				35102D7F2A6C8B7900687057 /* YTSm.framework */,
			);
			name = SDK;
			path = ../SDK;
			sourceTree = "<group>";
		};
		357A30672A38605400C5036E /* Controller */ = {
			isa = PBXGroup;
			children = (
				357A306D2A3863C700C5036E /* HomeViewController.h */,
				357A306E2A3863C700C5036E /* HomeViewController.mm */,
				357A306F2A3863C700C5036E /* HomeViewController.xib */,
				357A30722A3876CC00C5036E /* ParamSettingViewController.h */,
				357A30732A3876CC00C5036E /* ParamSettingViewController.m */,
				35BDC16F2A43283C0048BBB8 /* HYResultVC.h */,
				35BDC1702A43283C0048BBB8 /* HYResultVC.m */,
			);
			path = Controller;
			sourceTree = "<group>";
		};
		357A30682A38606B00C5036E /* Model */ = {
			isa = PBXGroup;
			children = (
				357A30AE2A40472400C5036E /* HYConfigManager.h */,
				357A30AF2A40472400C5036E /* HYConfigManager.m */,
			);
			path = Model;
			sourceTree = "<group>";
		};
		357A30692A38606B00C5036E /* View */ = {
			isa = PBXGroup;
			children = (
				357A307A2A39A68500C5036E /* SettingSelectedCell.h */,
				357A307B2A39A68500C5036E /* SettingSelectedCell.m */,
				357A30A82A39C33200C5036E /* SettingHeaderView.h */,
				357A30A92A39C33200C5036E /* SettingHeaderView.m */,
				357A30AB2A3A134A00C5036E /* AlgorithmHeaderView.h */,
				357A30AC2A3A134A00C5036E /* AlgorithmHeaderView.m */,
			);
			path = View;
			sourceTree = "<group>";
		};
		357A307F2A39AF3400C5036E /* Masonry */ = {
			isa = PBXGroup;
			children = (
				357A30802A39AF3400C5036E /* LICENSE */,
				357A30812A39AF3400C5036E /* Masonry */,
				357A309B2A39AF3400C5036E /* README.md */,
			);
			path = Masonry;
			sourceTree = "<group>";
		};
		357A30812A39AF3400C5036E /* Masonry */ = {
			isa = PBXGroup;
			children = (
				357A30822A39AF3400C5036E /* MASCompositeConstraint.h */,
				357A30832A39AF3400C5036E /* NSLayoutConstraint+MASDebugAdditions.m */,
				357A30842A39AF3400C5036E /* MASConstraint+Private.h */,
				357A30852A39AF3400C5036E /* MASLayoutConstraint.h */,
				357A30862A39AF3400C5036E /* NSArray+MASShorthandAdditions.h */,
				357A30872A39AF3400C5036E /* MASConstraintMaker.h */,
				357A30882A39AF3400C5036E /* View+MASAdditions.h */,
				357A30892A39AF3400C5036E /* NSArray+MASAdditions.h */,
				357A308A2A39AF3400C5036E /* MASUtilities.h */,
				357A308B2A39AF3400C5036E /* MASViewAttribute.h */,
				357A308C2A39AF3400C5036E /* ViewController+MASAdditions.m */,
				357A308D2A39AF3400C5036E /* MASViewConstraint.h */,
				357A308E2A39AF3400C5036E /* MASConstraint.h */,
				357A308F2A39AF3400C5036E /* NSLayoutConstraint+MASDebugAdditions.h */,
				357A30902A39AF3400C5036E /* MASCompositeConstraint.m */,
				357A30912A39AF3400C5036E /* MASConstraintMaker.m */,
				357A30922A39AF3400C5036E /* MASLayoutConstraint.m */,
				357A30932A39AF3400C5036E /* NSArray+MASAdditions.m */,
				357A30942A39AF3400C5036E /* View+MASAdditions.m */,
				357A30952A39AF3400C5036E /* View+MASShorthandAdditions.h */,
				357A30962A39AF3400C5036E /* Masonry.h */,
				357A30972A39AF3400C5036E /* MASConstraint.m */,
				357A30982A39AF3400C5036E /* ViewController+MASAdditions.h */,
				357A30992A39AF3400C5036E /* MASViewConstraint.m */,
				357A309A2A39AF3400C5036E /* MASViewAttribute.m */,
			);
			path = Masonry;
			sourceTree = "<group>";
		};
		35ED528D2A3722140094D41F /* licsence */ = {
			isa = PBXGroup;
			children = (
				35ED528E2A3722140094D41F /* sdcs_test_androids.lic */,
				35ED528F2A3722140094D41F /* licsence.lic */,
			);
			name = licsence;
			path = HuiYanAuthDemo/licsence;
			sourceTree = "<group>";
		};
		C2B7081E2510C12800CE07D3 = {
			isa = PBXGroup;
			children = (
				35102D672A6C8B7900687057 /* SDK */,
				35ED528D2A3722140094D41F /* licsence */,
				C2B708292510C12800CE07D3 /* HuiYanAuthDemo */,
				C2B708282510C12800CE07D3 /* Products */,
				C2B7086C2511AD4C00CE07D3 /* Frameworks */,
			);
			sourceTree = "<group>";
		};
		C2B708282510C12800CE07D3 /* Products */ = {
			isa = PBXGroup;
			children = (
				C2B708272510C12800CE07D3 /* HuiYanAuthDemo.app */,
				C242A90D2799649C0030C1CA /* UserUIBundle.bundle */,
				A7CF391527D05872007B35B8 /* LanguageSrcBundle.bundle */,
			);
			name = Products;
			sourceTree = "<group>";
		};
		C2B708292510C12800CE07D3 /* HuiYanAuthDemo */ = {
			isa = PBXGroup;
			children = (
				357A307F2A39AF3400C5036E /* Masonry */,
				C2B7082A2510C12800CE07D3 /* AppDelegate.h */,
				C2B7082B2510C12800CE07D3 /* AppDelegate.m */,
				357A30682A38606B00C5036E /* Model */,
				357A30692A38606B00C5036E /* View */,
				357A30672A38605400C5036E /* Controller */,
				C2B708332510C12800CE07D3 /* Main.storyboard */,
				C2B708362510C12A00CE07D3 /* Assets.xcassets */,
				C2B708382510C12A00CE07D3 /* LaunchScreen.storyboard */,
				C2B7083B2510C12A00CE07D3 /* Info.plist */,
				C2B7083C2510C12A00CE07D3 /* main.m */,
			);
			path = HuiYanAuthDemo;
			sourceTree = "<group>";
		};
		C2B7086C2511AD4C00CE07D3 /* Frameworks */ = {
			isa = PBXGroup;
			children = (
				C2F336F626242EAF0048E2B5 /* AVFoundation.framework */,
				C2CB37DF25B1850F00CA1B2E /* libTuringShieldCamRisk.a */,
				C2FD01C8258CAD0A00BCFFAA /* libc++.tbd */,
				C2FD01C5258CACF300BCFFAA /* libz.tbd */,
				C2FD01C3258CACE900BCFFAA /* Security.framework */,
				C2FD01C1258CACE100BCFFAA /* SystemConfiguration.framework */,
				C25D4BE62589FF0800DC85C2 /* CoreML.framework */,
				C2B7086F2511AD5600CE07D3 /* Accelerate.framework */,
				C2B7086D2511AD4D00CE07D3 /* AssetsLibrary.framework */,
			);
			name = Frameworks;
			sourceTree = "<group>";
		};
/* End PBXGroup section */

/* Begin PBXNativeTarget section */
		A7CF391427D05872007B35B8 /* LanguageSrcBundle */ = {
			isa = PBXNativeTarget;
			buildConfigurationList = A7CF391627D05872007B35B8 /* Build configuration list for PBXNativeTarget "LanguageSrcBundle" */;
			buildPhases = (
				A7CF391127D05872007B35B8 /* Sources */,
				A7CF391227D05872007B35B8 /* Frameworks */,
				A7CF391327D05872007B35B8 /* Resources */,
			);
			buildRules = (
			);
			dependencies = (
			);
			name = LanguageSrcBundle;
			productName = LanguageSrcBundle;
			productReference = A7CF391527D05872007B35B8 /* LanguageSrcBundle.bundle */;
			productType = "com.apple.product-type.bundle";
		};
		C242A90C2799649C0030C1CA /* UserUIBundle */ = {
			isa = PBXNativeTarget;
			buildConfigurationList = C242A9102799649C0030C1CA /* Build configuration list for PBXNativeTarget "UserUIBundle" */;
			buildPhases = (
				C242A9092799649C0030C1CA /* Sources */,
				C242A90A2799649C0030C1CA /* Frameworks */,
				C242A90B2799649C0030C1CA /* Resources */,
			);
			buildRules = (
			);
			dependencies = (
			);
			name = UserUIBundle;
			productName = UserUIBundle;
			productReference = C242A90D2799649C0030C1CA /* UserUIBundle.bundle */;
			productType = "com.apple.product-type.bundle";
		};
		C2B708262510C12800CE07D3 /* HuiYanAuthDemo */ = {
			isa = PBXNativeTarget;
			buildConfigurationList = C2B708402510C12A00CE07D3 /* Build configuration list for PBXNativeTarget "HuiYanAuthDemo" */;
			buildPhases = (
				C2B708232510C12800CE07D3 /* Sources */,
				C2B708242510C12800CE07D3 /* Frameworks */,
				C2B708252510C12800CE07D3 /* Resources */,
			);
			buildRules = (
			);
			dependencies = (
			);
			name = HuiYanAuthDemo;
			productName = HuiYanAuthDemo;
			productReference = C2B708272510C12800CE07D3 /* HuiYanAuthDemo.app */;
			productType = "com.apple.product-type.application";
		};
/* End PBXNativeTarget section */

/* Begin PBXProject section */
		C2B7081F2510C12800CE07D3 /* Project object */ = {
			isa = PBXProject;
			attributes = {
				LastUpgradeCheck = 1170;
				ORGANIZATIONNAME = tencent;
				TargetAttributes = {
					A7CF391427D05872007B35B8 = {
						CreatedOnToolsVersion = 13.2.1;
					};
					C242A90C2799649C0030C1CA = {
						CreatedOnToolsVersion = 13.2.1;
					};
					C2B708262510C12800CE07D3 = {
						CreatedOnToolsVersion = 11.7;
					};
				};
			};
			buildConfigurationList = C2B708222510C12800CE07D3 /* Build configuration list for PBXProject "HuiYanAuthDemo" */;
			compatibilityVersion = "Xcode 9.3";
			developmentRegion = en;
			hasScannedForEncodings = 0;
			knownRegions = (
				en,
				Base,
				"zh-HK",
				ja,
			);
			mainGroup = C2B7081E2510C12800CE07D3;
			productRefGroup = C2B708282510C12800CE07D3 /* Products */;
			projectDirPath = "";
			projectRoot = "";
			targets = (
				C2B708262510C12800CE07D3 /* HuiYanAuthDemo */,
				C242A90C2799649C0030C1CA /* UserUIBundle */,
				A7CF391427D05872007B35B8 /* LanguageSrcBundle */,
			);
		};
/* End PBXProject section */

/* Begin PBXResourcesBuildPhase section */
		A7CF391327D05872007B35B8 /* Resources */ = {
			isa = PBXResourcesBuildPhase;
			buildActionMask = 2147483647;
			files = (
			);
			runOnlyForDeploymentPostprocessing = 0;
		};
		C242A90B2799649C0030C1CA /* Resources */ = {
			isa = PBXResourcesBuildPhase;
			buildActionMask = 2147483647;
			files = (
			);
			runOnlyForDeploymentPostprocessing = 0;
		};
		C2B708252510C12800CE07D3 /* Resources */ = {
			isa = PBXResourcesBuildPhase;
			buildActionMask = 2147483647;
			files = (
				C2B7083A2510C12A00CE07D3 /* LaunchScreen.storyboard in Resources */,
				35102D832A6C8B7900687057 /* face-tracker-v003.bundle in Resources */,
				35102DA32A6C95C300687057 /* UserUIBundle.bundle in Resources */,
				C2B708372510C12A00CE07D3 /* Assets.xcassets in Resources */,
				357A30A72A39AF3500C5036E /* README.md in Resources */,
				35ED52912A3722150094D41F /* licsence.lic in Resources */,
				35102D992A6C8CF700687057 /* HYResource.bundle in Resources */,
				C2B708352510C12800CE07D3 /* Main.storyboard in Resources */,
				35102D8F2A6C8B7900687057 /* HuiYanSDKUI.bundle in Resources */,
				357A309C2A39AF3500C5036E /* LICENSE in Resources */,
				35ED52902A3722150094D41F /* sdcs_test_androids.lic in Resources */,
				357A30712A3863C700C5036E /* HomeViewController.xib in Resources */,
			);
			runOnlyForDeploymentPostprocessing = 0;
		};
/* End PBXResourcesBuildPhase section */

/* Begin PBXSourcesBuildPhase section */
		A7CF391127D05872007B35B8 /* Sources */ = {
			isa = PBXSourcesBuildPhase;
			buildActionMask = 2147483647;
			files = (
			);
			runOnlyForDeploymentPostprocessing = 0;
		};
		C242A9092799649C0030C1CA /* Sources */ = {
			isa = PBXSourcesBuildPhase;
			buildActionMask = 2147483647;
			files = (
			);
			runOnlyForDeploymentPostprocessing = 0;
		};
		C2B708232510C12800CE07D3 /* Sources */ = {
			isa = PBXSourcesBuildPhase;
			buildActionMask = 2147483647;
			files = (
				357A30A52A39AF3500C5036E /* MASViewConstraint.m in Sources */,
				357A30A02A39AF3500C5036E /* MASConstraintMaker.m in Sources */,
				357A307D2A39A68500C5036E /* SettingSelectedCell.m in Sources */,
				35BDC1712A43283C0048BBB8 /* HYResultVC.m in Sources */,
				357A309E2A39AF3500C5036E /* ViewController+MASAdditions.m in Sources */,
				357A309D2A39AF3500C5036E /* NSLayoutConstraint+MASDebugAdditions.m in Sources */,
				357A309F2A39AF3500C5036E /* MASCompositeConstraint.m in Sources */,
				C2B7082C2510C12800CE07D3 /* AppDelegate.m in Sources */,
				357A30A12A39AF3500C5036E /* MASLayoutConstraint.m in Sources */,
				357A30AD2A3A134B00C5036E /* AlgorithmHeaderView.m in Sources */,
				357A30A32A39AF3500C5036E /* View+MASAdditions.m in Sources */,
				357A30AA2A39C33300C5036E /* SettingHeaderView.m in Sources */,
				357A30A22A39AF3500C5036E /* NSArray+MASAdditions.m in Sources */,
				357A30B02A40472400C5036E /* HYConfigManager.m in Sources */,
				C2B7083D2510C12A00CE07D3 /* main.m in Sources */,
				357A30742A3876CC00C5036E /* ParamSettingViewController.m in Sources */,
				357A30A62A39AF3500C5036E /* MASViewAttribute.m in Sources */,
				357A30A42A39AF3500C5036E /* MASConstraint.m in Sources */,
				357A30702A3863C700C5036E /* HomeViewController.mm in Sources */,
			);
			runOnlyForDeploymentPostprocessing = 0;
		};
/* End PBXSourcesBuildPhase section */

/* Begin PBXVariantGroup section */
		C2B708332510C12800CE07D3 /* Main.storyboard */ = {
			isa = PBXVariantGroup;
			children = (
				C2B708342510C12800CE07D3 /* Base */,
			);
			name = Main.storyboard;
			sourceTree = "<group>";
		};
		C2B708382510C12A00CE07D3 /* LaunchScreen.storyboard */ = {
			isa = PBXVariantGroup;
			children = (
				C2B708392510C12A00CE07D3 /* Base */,
			);
			name = LaunchScreen.storyboard;
			sourceTree = "<group>";
		};
/* End PBXVariantGroup section */

/* Begin XCBuildConfiguration section */
		A7CF391727D05872007B35B8 /* Debug */ = {
			isa = XCBuildConfiguration;
			buildSettings = {
				CLANG_CXX_LANGUAGE_STANDARD = "gnu++17";
				CLANG_WARN_QUOTED_INCLUDE_IN_FRAMEWORK_HEADER = YES;
				CODE_SIGN_STYLE = Automatic;
				COMBINE_HIDPI_IMAGES = YES;
				CURRENT_PROJECT_VERSION = 1;
				DEVELOPMENT_TEAM = AMDW9HNWR9;
				GENERATE_INFOPLIST_FILE = YES;
				INFOPLIST_KEY_NSHumanReadableCopyright = "Copyright © 2022 tencent. All rights reserved.";
				INFOPLIST_KEY_NSPrincipalClass = "";
				INSTALL_PATH = "$(LOCAL_LIBRARY_DIR)/Bundles";
				IPHONEOS_DEPLOYMENT_TARGET = 9.0;
				MACOSX_DEPLOYMENT_TARGET = 10.9;
				MARKETING_VERSION = 1.0;
				PRODUCT_BUNDLE_IDENTIFIER = com.tencent.cloud.LanguageSrcBundle;
				PRODUCT_NAME = "$(TARGET_NAME)";
				SDKROOT = iphoneos;
				SKIP_INSTALL = YES;
				SWIFT_EMIT_LOC_STRINGS = YES;
				WRAPPER_EXTENSION = bundle;
			};
			name = Debug;
		};
		A7CF391827D05872007B35B8 /* Release */ = {
			isa = XCBuildConfiguration;
			buildSettings = {
				CLANG_CXX_LANGUAGE_STANDARD = "gnu++17";
				CLANG_WARN_QUOTED_INCLUDE_IN_FRAMEWORK_HEADER = YES;
				CODE_SIGN_STYLE = Automatic;
				COMBINE_HIDPI_IMAGES = YES;
				CURRENT_PROJECT_VERSION = 1;
				DEVELOPMENT_TEAM = AMDW9HNWR9;
				GENERATE_INFOPLIST_FILE = YES;
				INFOPLIST_KEY_NSHumanReadableCopyright = "Copyright © 2022 tencent. All rights reserved.";
				INFOPLIST_KEY_NSPrincipalClass = "";
				INSTALL_PATH = "$(LOCAL_LIBRARY_DIR)/Bundles";
				IPHONEOS_DEPLOYMENT_TARGET = 9.0;
				MACOSX_DEPLOYMENT_TARGET = 10.9;
				MARKETING_VERSION = 1.0;
				PRODUCT_BUNDLE_IDENTIFIER = com.tencent.cloud.LanguageSrcBundle;
				PRODUCT_NAME = "$(TARGET_NAME)";
				SDKROOT = iphoneos;
				SKIP_INSTALL = YES;
				SWIFT_EMIT_LOC_STRINGS = YES;
				WRAPPER_EXTENSION = bundle;
			};
			name = Release;
		};
		C242A90E2799649C0030C1CA /* Debug */ = {
			isa = XCBuildConfiguration;
			buildSettings = {
				CLANG_CXX_LANGUAGE_STANDARD = "gnu++17";
				CLANG_WARN_QUOTED_INCLUDE_IN_FRAMEWORK_HEADER = YES;
				CODE_SIGN_STYLE = Automatic;
				COMBINE_HIDPI_IMAGES = YES;
				CURRENT_PROJECT_VERSION = 1;
				DEVELOPMENT_TEAM = AMDW9HNWR9;
				GENERATE_INFOPLIST_FILE = YES;
				INFOPLIST_KEY_NSHumanReadableCopyright = "Copyright © 2022 tencent. All rights reserved.";
				INFOPLIST_KEY_NSPrincipalClass = "";
				INSTALL_PATH = "$(LOCAL_LIBRARY_DIR)/Bundles";
				IPHONEOS_DEPLOYMENT_TARGET = 9.0;
				MACOSX_DEPLOYMENT_TARGET = 11.3;
				MARKETING_VERSION = 1.0;
				PRODUCT_BUNDLE_IDENTIFIER = com.tencent.cloud.huiyan.private.UserUIBundle;
				PRODUCT_NAME = "$(TARGET_NAME)";
				SDKROOT = iphoneos;
				SKIP_INSTALL = YES;
				SWIFT_EMIT_LOC_STRINGS = YES;
				WRAPPER_EXTENSION = bundle;
			};
			name = Debug;
		};
		C242A90F2799649C0030C1CA /* Release */ = {
			isa = XCBuildConfiguration;
			buildSettings = {
				CLANG_CXX_LANGUAGE_STANDARD = "gnu++17";
				CLANG_WARN_QUOTED_INCLUDE_IN_FRAMEWORK_HEADER = YES;
				CODE_SIGN_STYLE = Automatic;
				COMBINE_HIDPI_IMAGES = YES;
				CURRENT_PROJECT_VERSION = 1;
				DEVELOPMENT_TEAM = AMDW9HNWR9;
				GENERATE_INFOPLIST_FILE = YES;
				INFOPLIST_KEY_NSHumanReadableCopyright = "Copyright © 2022 tencent. All rights reserved.";
				INFOPLIST_KEY_NSPrincipalClass = "";
				INSTALL_PATH = "$(LOCAL_LIBRARY_DIR)/Bundles";
				IPHONEOS_DEPLOYMENT_TARGET = 9.0;
				MACOSX_DEPLOYMENT_TARGET = 11.3;
				MARKETING_VERSION = 1.0;
				PRODUCT_BUNDLE_IDENTIFIER = com.tencent.cloud.huiyan.private.UserUIBundle;
				PRODUCT_NAME = "$(TARGET_NAME)";
				SDKROOT = iphoneos;
				SKIP_INSTALL = YES;
				SWIFT_EMIT_LOC_STRINGS = YES;
				WRAPPER_EXTENSION = bundle;
			};
			name = Release;
		};
		C2B7083E2510C12A00CE07D3 /* Debug */ = {
			isa = XCBuildConfiguration;
			buildSettings = {
				ALWAYS_SEARCH_USER_PATHS = NO;
				CLANG_ANALYZER_LOCALIZABILITY_NONLOCALIZED = YES;
				CLANG_ANALYZER_NONNULL = YES;
				CLANG_ANALYZER_NUMBER_OBJECT_CONVERSION = YES_AGGRESSIVE;
				CLANG_CXX_LANGUAGE_STANDARD = "gnu++14";
				CLANG_CXX_LIBRARY = "libc++";
				CLANG_ENABLE_MODULES = YES;
				CLANG_ENABLE_OBJC_ARC = YES;
				CLANG_ENABLE_OBJC_WEAK = YES;
				CLANG_WARN_BLOCK_CAPTURE_AUTORELEASING = YES;
				CLANG_WARN_BOOL_CONVERSION = YES;
				CLANG_WARN_COMMA = YES;
				CLANG_WARN_CONSTANT_CONVERSION = YES;
				CLANG_WARN_DEPRECATED_OBJC_IMPLEMENTATIONS = YES;
				CLANG_WARN_DIRECT_OBJC_ISA_USAGE = YES_ERROR;
				CLANG_WARN_DOCUMENTATION_COMMENTS = YES;
				CLANG_WARN_EMPTY_BODY = YES;
				CLANG_WARN_ENUM_CONVERSION = YES;
				CLANG_WARN_INFINITE_RECURSION = YES;
				CLANG_WARN_INT_CONVERSION = YES;
				CLANG_WARN_NON_LITERAL_NULL_CONVERSION = YES;
				CLANG_WARN_OBJC_IMPLICIT_RETAIN_SELF = YES;
				CLANG_WARN_OBJC_LITERAL_CONVERSION = YES;
				CLANG_WARN_OBJC_ROOT_CLASS = YES_ERROR;
				CLANG_WARN_RANGE_LOOP_ANALYSIS = YES;
				CLANG_WARN_STRICT_PROTOTYPES = YES;
				CLANG_WARN_SUSPICIOUS_MOVE = YES;
				CLANG_WARN_UNGUARDED_AVAILABILITY = YES_AGGRESSIVE;
				CLANG_WARN_UNREACHABLE_CODE = YES;
				CLANG_WARN__DUPLICATE_METHOD_MATCH = YES;
				COPY_PHASE_STRIP = NO;
				DEBUG_INFORMATION_FORMAT = dwarf;
				ENABLE_STRICT_OBJC_MSGSEND = YES;
				ENABLE_TESTABILITY = YES;
				GCC_C_LANGUAGE_STANDARD = gnu11;
				GCC_DYNAMIC_NO_PIC = NO;
				GCC_NO_COMMON_BLOCKS = YES;
				GCC_OPTIMIZATION_LEVEL = 0;
				GCC_PREPROCESSOR_DEFINITIONS = (
					"DEBUG=1",
					"$(inherited)",
				);
				GCC_WARN_64_TO_32_BIT_CONVERSION = YES;
				GCC_WARN_ABOUT_RETURN_TYPE = YES_ERROR;
				GCC_WARN_UNDECLARED_SELECTOR = YES;
				GCC_WARN_UNINITIALIZED_AUTOS = YES_AGGRESSIVE;
				GCC_WARN_UNUSED_FUNCTION = YES;
				GCC_WARN_UNUSED_VARIABLE = YES;
				IPHONEOS_DEPLOYMENT_TARGET = 13.7;
				MTL_ENABLE_DEBUG_INFO = INCLUDE_SOURCE;
				MTL_FAST_MATH = YES;
				ONLY_ACTIVE_ARCH = YES;
				SDKROOT = iphoneos;
			};
			name = Debug;
		};
		C2B7083F2510C12A00CE07D3 /* Release */ = {
			isa = XCBuildConfiguration;
			buildSettings = {
				ALWAYS_SEARCH_USER_PATHS = NO;
				CLANG_ANALYZER_LOCALIZABILITY_NONLOCALIZED = YES;
				CLANG_ANALYZER_NONNULL = YES;
				CLANG_ANALYZER_NUMBER_OBJECT_CONVERSION = YES_AGGRESSIVE;
				CLANG_CXX_LANGUAGE_STANDARD = "gnu++14";
				CLANG_CXX_LIBRARY = "libc++";
				CLANG_ENABLE_MODULES = YES;
				CLANG_ENABLE_OBJC_ARC = YES;
				CLANG_ENABLE_OBJC_WEAK = YES;
				CLANG_WARN_BLOCK_CAPTURE_AUTORELEASING = YES;
				CLANG_WARN_BOOL_CONVERSION = YES;
				CLANG_WARN_COMMA = YES;
				CLANG_WARN_CONSTANT_CONVERSION = YES;
				CLANG_WARN_DEPRECATED_OBJC_IMPLEMENTATIONS = YES;
				CLANG_WARN_DIRECT_OBJC_ISA_USAGE = YES_ERROR;
				CLANG_WARN_DOCUMENTATION_COMMENTS = YES;
				CLANG_WARN_EMPTY_BODY = YES;
				CLANG_WARN_ENUM_CONVERSION = YES;
				CLANG_WARN_INFINITE_RECURSION = YES;
				CLANG_WARN_INT_CONVERSION = YES;
				CLANG_WARN_NON_LITERAL_NULL_CONVERSION = YES;
				CLANG_WARN_OBJC_IMPLICIT_RETAIN_SELF = YES;
				CLANG_WARN_OBJC_LITERAL_CONVERSION = YES;
				CLANG_WARN_OBJC_ROOT_CLASS = YES_ERROR;
				CLANG_WARN_RANGE_LOOP_ANALYSIS = YES;
				CLANG_WARN_STRICT_PROTOTYPES = YES;
				CLANG_WARN_SUSPICIOUS_MOVE = YES;
				CLANG_WARN_UNGUARDED_AVAILABILITY = YES_AGGRESSIVE;
				CLANG_WARN_UNREACHABLE_CODE = YES;
				CLANG_WARN__DUPLICATE_METHOD_MATCH = YES;
				COPY_PHASE_STRIP = NO;
				DEBUG_INFORMATION_FORMAT = "dwarf-with-dsym";
				ENABLE_NS_ASSERTIONS = NO;
				ENABLE_STRICT_OBJC_MSGSEND = YES;
				GCC_C_LANGUAGE_STANDARD = gnu11;
				GCC_NO_COMMON_BLOCKS = YES;
				GCC_WARN_64_TO_32_BIT_CONVERSION = YES;
				GCC_WARN_ABOUT_RETURN_TYPE = YES_ERROR;
				GCC_WARN_UNDECLARED_SELECTOR = YES;
				GCC_WARN_UNINITIALIZED_AUTOS = YES_AGGRESSIVE;
				GCC_WARN_UNUSED_FUNCTION = YES;
				GCC_WARN_UNUSED_VARIABLE = YES;
				IPHONEOS_DEPLOYMENT_TARGET = 13.7;
				MTL_ENABLE_DEBUG_INFO = NO;
				MTL_FAST_MATH = YES;
				SDKROOT = iphoneos;
				VALIDATE_PRODUCT = YES;
			};
			name = Release;
		};
		C2B708412510C12A00CE07D3 /* Debug */ = {
			isa = XCBuildConfiguration;
			buildSettings = {
				ASSETCATALOG_COMPILER_APPICON_NAME = AppIcon;
				CODE_SIGN_STYLE = Automatic;
				CURRENT_PROJECT_VERSION = 11;
				DEBUG_INFORMATION_FORMAT = dwarf;
				DEVELOPMENT_TEAM = B7CP8X36M8;
				ENABLE_BITCODE = NO;
				FRAMEWORK_SEARCH_PATHS = (
					"$(inherited)",
					"$(PROJECT_DIR)/CloudHuiYanSDK_FW",
					"$(PROJECT_DIR)/OcrSDK",
					"$(PROJECT_DIR)/../SDK",
				);
				INFOPLIST_FILE = HuiYanAuthDemo/Info.plist;
				IPHONEOS_DEPLOYMENT_TARGET = 13.0;
				LD_RUNPATH_SEARCH_PATHS = (
					"$(inherited)",
					"@executable_path/Frameworks",
				);
				LIBRARY_SEARCH_PATHS = (
					"$(inherited)",
					"$(PROJECT_DIR)/HuiYanAuthDemo/frameworks",
					"$(PROJECT_DIR)/sdk",
					"$(PROJECT_DIR)/CloudHuiYanSDK_FW",
					"$(PROJECT_DIR)/../SDK",
				);
				MARKETING_VERSION = 1.0.9;
				OTHER_LDFLAGS = "-ObjC";
				PRODUCT_BUNDLE_IDENTIFIER = com.sccba.face.lgwtest2;
				PRODUCT_NAME = "$(TARGET_NAME)";
				TARGETED_DEVICE_FAMILY = "1,2";
			};
			name = Debug;
		};
		C2B708422510C12A00CE07D3 /* Release */ = {
			isa = XCBuildConfiguration;
			buildSettings = {
				ASSETCATALOG_COMPILER_APPICON_NAME = AppIcon;
				CODE_SIGN_STYLE = Automatic;
				CURRENT_PROJECT_VERSION = 11;
				DEVELOPMENT_TEAM = B7CP8X36M8;
				ENABLE_BITCODE = NO;
				FRAMEWORK_SEARCH_PATHS = (
					"$(inherited)",
					"$(PROJECT_DIR)/CloudHuiYanSDK_FW",
					"$(PROJECT_DIR)/OcrSDK",
					"$(PROJECT_DIR)/../SDK",
				);
				INFOPLIST_FILE = HuiYanAuthDemo/Info.plist;
				IPHONEOS_DEPLOYMENT_TARGET = 13.0;
				LD_RUNPATH_SEARCH_PATHS = (
					"$(inherited)",
					"@executable_path/Frameworks",
				);
				LIBRARY_SEARCH_PATHS = (
					"$(inherited)",
					"$(PROJECT_DIR)/HuiYanAuthDemo/frameworks",
					"$(PROJECT_DIR)/sdk",
					"$(PROJECT_DIR)/CloudHuiYanSDK_FW",
					"$(PROJECT_DIR)/../SDK",
				);
				MARKETING_VERSION = 1.0.9;
				OTHER_LDFLAGS = "-ObjC";
				PRODUCT_BUNDLE_IDENTIFIER = com.sccba.face.lgwtest2;
				PRODUCT_NAME = "$(TARGET_NAME)";
				TARGETED_DEVICE_FAMILY = "1,2";
			};
			name = Release;
		};
/* End XCBuildConfiguration section */

/* Begin XCConfigurationList section */
		A7CF391627D05872007B35B8 /* Build configuration list for PBXNativeTarget "LanguageSrcBundle" */ = {
			isa = XCConfigurationList;
			buildConfigurations = (
				A7CF391727D05872007B35B8 /* Debug */,
				A7CF391827D05872007B35B8 /* Release */,
			);
			defaultConfigurationIsVisible = 0;
			defaultConfigurationName = Release;
		};
		C242A9102799649C0030C1CA /* Build configuration list for PBXNativeTarget "UserUIBundle" */ = {
			isa = XCConfigurationList;
			buildConfigurations = (
				C242A90E2799649C0030C1CA /* Debug */,
				C242A90F2799649C0030C1CA /* Release */,
			);
			defaultConfigurationIsVisible = 0;
			defaultConfigurationName = Release;
		};
		C2B708222510C12800CE07D3 /* Build configuration list for PBXProject "HuiYanAuthDemo" */ = {
			isa = XCConfigurationList;
			buildConfigurations = (
				C2B7083E2510C12A00CE07D3 /* Debug */,
				C2B7083F2510C12A00CE07D3 /* Release */,
			);
			defaultConfigurationIsVisible = 0;
			defaultConfigurationName = Release;
		};
		C2B708402510C12A00CE07D3 /* Build configuration list for PBXNativeTarget "HuiYanAuthDemo" */ = {
			isa = XCConfigurationList;
			buildConfigurations = (
				C2B708412510C12A00CE07D3 /* Debug */,
				C2B708422510C12A00CE07D3 /* Release */,
			);
			defaultConfigurationIsVisible = 0;
			defaultConfigurationName = Release;
		};
/* End XCConfigurationList section */
	};
	rootObject = C2B7081F2510C12800CE07D3 /* Project object */;
}
